
Microsoft Visual Studio Solution File, Format Version 12.00
# Visual Studio Version 17
VisualStudioVersion = 17.12.35309.182
MinimumVisualStudioVersion = 10.0.40219.1
Project("{FAE04EC0-301F-11D3-BF4B-00C04F79EFBC}") = "Task Management System", "Task Management System\Task Management System.csproj", "{61A3EEED-402E-4BCE-A930-1492FE6DBE86}"
EndProject
Global
	GlobalSection(SolutionConfigurationPlatforms) = preSolution
		Debug|Any CPU = Debug|Any CPU
		Release|Any CPU = Release|Any CPU
	EndGlobalSection
	GlobalSection(ProjectConfigurationPlatforms) = postSolution
		{61A3EEED-402E-4BCE-A930-1492FE6DBE86}.Debug|Any CPU.ActiveCfg = Debug|Any CPU
		{61A3EEED-402E-4BCE-A930-1492FE6DBE86}.Debug|Any CPU.Build.0 = Debug|Any CPU
		{61A3EEED-402E-4BCE-A930-1492FE6DBE86}.Release|Any CPU.ActiveCfg = Release|Any CPU
		{61A3EEED-402E-4BCE-A930-1492FE6DBE86}.Release|Any CPU.Build.0 = Release|Any CPU
	EndGlobalSection
	GlobalSection(SolutionProperties) = preSolution
		HideSolutionNode = FALSE
	EndGlobalSection
	GlobalSection(ExtensibilityGlobals) = postSolution
		SolutionGuid = {06826666-82B0-485C-9107-8B9647425629}
	EndGlobalSection
EndGlobal
